// !$*UTF8*$!
{
	archiveVersion = 1;
	classes = {
	};
	objectVersion = 50;
	objects = {

/* Begin PBXBuildFile section */
		520353B02323245B00E18E4E /* NumberRandomFactory.swift in Sources */ = {isa = PBXBuildFile; fileRef = 520353AF2323245B00E18E4E /* NumberRandomFactory.swift */; };
		5226CA6323355AA400B3D02D /* SummaSubstractionOne.swift in Sources */ = {isa = PBXBuildFile; fileRef = 5226CA6223355AA400B3D02D /* SummaSubstractionOne.swift */; };
		5226CA652335661800B3D02D /* SummaSubstractionTwo.swift in Sources */ = {isa = PBXBuildFile; fileRef = 5226CA642335661800B3D02D /* SummaSubstractionTwo.swift */; };
		5226CA6723357E8600B3D02D /* SummaSubstractionThree.swift in Sources */ = {isa = PBXBuildFile; fileRef = 5226CA6623357E8600B3D02D /* SummaSubstractionThree.swift */; };
		5226CA6923357EC800B3D02D /* SummaSubstractionFour.swift in Sources */ = {isa = PBXBuildFile; fileRef = 5226CA6823357EC800B3D02D /* SummaSubstractionFour.swift */; };
		5226CA6B23357F1D00B3D02D /* SummaSubstractionFive.swift in Sources */ = {isa = PBXBuildFile; fileRef = 5226CA6A23357F1D00B3D02D /* SummaSubstractionFive.swift */; };
		52325B0C23380F2F00FF50DF /* DivisionBasicOne.swift in Sources */ = {isa = PBXBuildFile; fileRef = 52325B0B23380F2F00FF50DF /* DivisionBasicOne.swift */; };
		52325B0E23380FC700FF50DF /* DivisionBasicTwo.swift in Sources */ = {isa = PBXBuildFile; fileRef = 52325B0D23380FC700FF50DF /* DivisionBasicTwo.swift */; };
		52325B102338103800FF50DF /* DivisionBasicThree.swift in Sources */ = {isa = PBXBuildFile; fileRef = 52325B0F2338103800FF50DF /* DivisionBasicThree.swift */; };
		52325B122338107800FF50DF /* DivisionBasicFour.swift in Sources */ = {isa = PBXBuildFile; fileRef = 52325B112338107800FF50DF /* DivisionBasicFour.swift */; };
		52325B14233810BF00FF50DF /* DivisionBasicFive.swift in Sources */ = {isa = PBXBuildFile; fileRef = 52325B13233810BF00FF50DF /* DivisionBasicFive.swift */; };
		523AD620232FA4950027A49A /* SummaBasicThree.swift in Sources */ = {isa = PBXBuildFile; fileRef = 523AD61F232FA4950027A49A /* SummaBasicThree.swift */; };
		523AD622232FA62F0027A49A /* SummaBasicFour.swift in Sources */ = {isa = PBXBuildFile; fileRef = 523AD621232FA62F0027A49A /* SummaBasicFour.swift */; };
		523AD624232FA7290027A49A /* SummaBasicFive.swift in Sources */ = {isa = PBXBuildFile; fileRef = 523AD623232FA7290027A49A /* SummaBasicFive.swift */; };
		523AD626232FA81A0027A49A /* SubtractionBasicThree.swift in Sources */ = {isa = PBXBuildFile; fileRef = 523AD625232FA81A0027A49A /* SubtractionBasicThree.swift */; };
		523AD628232FA87E0027A49A /* SubtractionBasicFour.swift in Sources */ = {isa = PBXBuildFile; fileRef = 523AD627232FA87E0027A49A /* SubtractionBasicFour.swift */; };
		523AD62A232FA8E70027A49A /* SubtractionBasicFive.swift in Sources */ = {isa = PBXBuildFile; fileRef = 523AD629232FA8E70027A49A /* SubtractionBasicFive.swift */; };
		524EA4DE22D2B31800393B4D /* QuestionViewController.swift in Sources */ = {isa = PBXBuildFile; fileRef = 524EA4DD22D2B31800393B4D /* QuestionViewController.swift */; };
		52618EAA23424ED400829280 /* Notifications.swift in Sources */ = {isa = PBXBuildFile; fileRef = 52618EA923424ED400829280 /* Notifications.swift */; };
		526EE0D222F44B8E00E4C53D /* Question.swift in Sources */ = {isa = PBXBuildFile; fileRef = 526EE0D122F44B8E00E4C53D /* Question.swift */; };
		52751DD322D0E23B0056A27A /* MainViewController.swift in Sources */ = {isa = PBXBuildFile; fileRef = 52751DD222D0E23B0056A27A /* MainViewController.swift */; };
		527B8A40233797D40046E225 /* MultiplicationBasicOne.swift in Sources */ = {isa = PBXBuildFile; fileRef = 527B8A3F233797D40046E225 /* MultiplicationBasicOne.swift */; };
		527B8A42233798990046E225 /* MultiplicationBasicTwo.swift in Sources */ = {isa = PBXBuildFile; fileRef = 527B8A41233798990046E225 /* MultiplicationBasicTwo.swift */; };
		527B8A442337995D0046E225 /* MultiplicationBasicThree.swift in Sources */ = {isa = PBXBuildFile; fileRef = 527B8A432337995D0046E225 /* MultiplicationBasicThree.swift */; };
		527B8A46233799A60046E225 /* MultiplicationBasicFour.swift in Sources */ = {isa = PBXBuildFile; fileRef = 527B8A45233799A60046E225 /* MultiplicationBasicFour.swift */; };
		527B8A48233799F00046E225 /* MultiplicationBasicFive.swift in Sources */ = {isa = PBXBuildFile; fileRef = 527B8A47233799F00046E225 /* MultiplicationBasicFive.swift */; };
		52B03A712322A73100EECEDD /* SubtractionBasicOne.swift in Sources */ = {isa = PBXBuildFile; fileRef = 52B03A702322A73100EECEDD /* SubtractionBasicOne.swift */; };
		52C4230523324B8B00EA496B /* Asset.xcassets in Resources */ = {isa = PBXBuildFile; fileRef = 52C4230423324B8B00EA496B /* Asset.xcassets */; };
		52CE8C0F233BBF150021C5FA /* CoreDataStack.swift in Sources */ = {isa = PBXBuildFile; fileRef = 52CE8C0E233BBF150021C5FA /* CoreDataStack.swift */; };
		52CE8C12233BC8E90021C5FA /* Matematic.xcdatamodeld in Sources */ = {isa = PBXBuildFile; fileRef = 52CE8C10233BC8E90021C5FA /* Matematic.xcdatamodeld */; };
		52CE8C1C233BD4390021C5FA /* Person+CoreDataClass.swift in Sources */ = {isa = PBXBuildFile; fileRef = 52CE8C18233BD4390021C5FA /* Person+CoreDataClass.swift */; };
		52CE8C1D233BD4390021C5FA /* Person+CoreDataProperties.swift in Sources */ = {isa = PBXBuildFile; fileRef = 52CE8C19233BD4390021C5FA /* Person+CoreDataProperties.swift */; };
		52CE8C1E233BD4390021C5FA /* Points+CoreDataClass.swift in Sources */ = {isa = PBXBuildFile; fileRef = 52CE8C1A233BD4390021C5FA /* Points+CoreDataClass.swift */; };
		52CE8C1F233BD4390021C5FA /* Points+CoreDataProperties.swift in Sources */ = {isa = PBXBuildFile; fileRef = 52CE8C1B233BD4390021C5FA /* Points+CoreDataProperties.swift */; };
		52D2FFB22323C7DD000648A4 /* QuestionType.swift in Sources */ = {isa = PBXBuildFile; fileRef = 52D2FFB12323C7DD000648A4 /* QuestionType.swift */; };
		52D2FFB423241A91000648A4 /* ResultViewController.swift in Sources */ = {isa = PBXBuildFile; fileRef = 52D2FFB323241A91000648A4 /* ResultViewController.swift */; };
		52E7D8D222AC38ED00334F22 /* AppDelegate.swift in Sources */ = {isa = PBXBuildFile; fileRef = 52E7D8D122AC38ED00334F22 /* AppDelegate.swift */; };
		52E7D8D722AC38ED00334F22 /* Main.storyboard in Resources */ = {isa = PBXBuildFile; fileRef = 52E7D8D522AC38ED00334F22 /* Main.storyboard */; };
		52E7D8DC22AC38EE00334F22 /* LaunchScreen.storyboard in Resources */ = {isa = PBXBuildFile; fileRef = 52E7D8DA22AC38EE00334F22 /* LaunchScreen.storyboard */; };
		52ED962A232538B500713299 /* QuestionLevel.swift in Sources */ = {isa = PBXBuildFile; fileRef = 52ED9629232538B500713299 /* QuestionLevel.swift */; };
		52ED962C23255BFC00713299 /* SubtractionBasicTwo.swift in Sources */ = {isa = PBXBuildFile; fileRef = 52ED962B23255BFC00713299 /* SubtractionBasicTwo.swift */; };
		52F7B34B2321BBF700AF070B /* QuestionProtocol.swift in Sources */ = {isa = PBXBuildFile; fileRef = 52F7B34A2321BBF700AF070B /* QuestionProtocol.swift */; };
		52F7B34F2321CD1700AF070B /* SummaBasicOne.swift in Sources */ = {isa = PBXBuildFile; fileRef = 52F7B34E2321CD1700AF070B /* SummaBasicOne.swift */; };
		52F7B3512321CD2900AF070B /* SummaBasicTwo.swift in Sources */ = {isa = PBXBuildFile; fileRef = 52F7B3502321CD2900AF070B /* SummaBasicTwo.swift */; };
		52F7B3532321DB0700AF070B /* CreateQuestion.swift in Sources */ = {isa = PBXBuildFile; fileRef = 52F7B3522321DB0700AF070B /* CreateQuestion.swift */; };
/* End PBXBuildFile section */

/* Begin PBXFileReference section */
		520353AF2323245B00E18E4E /* NumberRandomFactory.swift */ = {isa = PBXFileReference; lastKnownFileType = sourcecode.swift; path = NumberRandomFactory.swift; sourceTree = "<group>"; };
		5226CA6223355AA400B3D02D /* SummaSubstractionOne.swift */ = {isa = PBXFileReference; lastKnownFileType = sourcecode.swift; path = SummaSubstractionOne.swift; sourceTree = "<group>"; };
		5226CA642335661800B3D02D /* SummaSubstractionTwo.swift */ = {isa = PBXFileReference; lastKnownFileType = sourcecode.swift; path = SummaSubstractionTwo.swift; sourceTree = "<group>"; };
		5226CA6623357E8600B3D02D /* SummaSubstractionThree.swift */ = {isa = PBXFileReference; lastKnownFileType = sourcecode.swift; path = SummaSubstractionThree.swift; sourceTree = "<group>"; };
		5226CA6823357EC800B3D02D /* SummaSubstractionFour.swift */ = {isa = PBXFileReference; lastKnownFileType = sourcecode.swift; path = SummaSubstractionFour.swift; sourceTree = "<group>"; };
		5226CA6A23357F1D00B3D02D /* SummaSubstractionFive.swift */ = {isa = PBXFileReference; lastKnownFileType = sourcecode.swift; path = SummaSubstractionFive.swift; sourceTree = "<group>"; };
		52325B0B23380F2F00FF50DF /* DivisionBasicOne.swift */ = {isa = PBXFileReference; lastKnownFileType = sourcecode.swift; path = DivisionBasicOne.swift; sourceTree = "<group>"; };
		52325B0D23380FC700FF50DF /* DivisionBasicTwo.swift */ = {isa = PBXFileReference; lastKnownFileType = sourcecode.swift; path = DivisionBasicTwo.swift; sourceTree = "<group>"; };
		52325B0F2338103800FF50DF /* DivisionBasicThree.swift */ = {isa = PBXFileReference; lastKnownFileType = sourcecode.swift; path = DivisionBasicThree.swift; sourceTree = "<group>"; };
		52325B112338107800FF50DF /* DivisionBasicFour.swift */ = {isa = PBXFileReference; lastKnownFileType = sourcecode.swift; path = DivisionBasicFour.swift; sourceTree = "<group>"; };
		52325B13233810BF00FF50DF /* DivisionBasicFive.swift */ = {isa = PBXFileReference; lastKnownFileType = sourcecode.swift; path = DivisionBasicFive.swift; sourceTree = "<group>"; };
		523AD61F232FA4950027A49A /* SummaBasicThree.swift */ = {isa = PBXFileReference; lastKnownFileType = sourcecode.swift; path = SummaBasicThree.swift; sourceTree = "<group>"; };
		523AD621232FA62F0027A49A /* SummaBasicFour.swift */ = {isa = PBXFileReference; lastKnownFileType = sourcecode.swift; path = SummaBasicFour.swift; sourceTree = "<group>"; };
		523AD623232FA7290027A49A /* SummaBasicFive.swift */ = {isa = PBXFileReference; lastKnownFileType = sourcecode.swift; path = SummaBasicFive.swift; sourceTree = "<group>"; };
		523AD625232FA81A0027A49A /* SubtractionBasicThree.swift */ = {isa = PBXFileReference; lastKnownFileType = sourcecode.swift; path = SubtractionBasicThree.swift; sourceTree = "<group>"; };
		523AD627232FA87E0027A49A /* SubtractionBasicFour.swift */ = {isa = PBXFileReference; lastKnownFileType = sourcecode.swift; path = SubtractionBasicFour.swift; sourceTree = "<group>"; };
		523AD629232FA8E70027A49A /* SubtractionBasicFive.swift */ = {isa = PBXFileReference; lastKnownFileType = sourcecode.swift; path = SubtractionBasicFive.swift; sourceTree = "<group>"; };
		524EA4DD22D2B31800393B4D /* QuestionViewController.swift */ = {isa = PBXFileReference; lastKnownFileType = sourcecode.swift; path = QuestionViewController.swift; sourceTree = "<group>"; };
		52618EA923424ED400829280 /* Notifications.swift */ = {isa = PBXFileReference; lastKnownFileType = sourcecode.swift; path = Notifications.swift; sourceTree = "<group>"; };
		526EE0D122F44B8E00E4C53D /* Question.swift */ = {isa = PBXFileReference; lastKnownFileType = sourcecode.swift; path = Question.swift; sourceTree = "<group>"; };
		52751DD222D0E23B0056A27A /* MainViewController.swift */ = {isa = PBXFileReference; lastKnownFileType = sourcecode.swift; path = MainViewController.swift; sourceTree = "<group>"; };
		527B8A3F233797D40046E225 /* MultiplicationBasicOne.swift */ = {isa = PBXFileReference; lastKnownFileType = sourcecode.swift; path = MultiplicationBasicOne.swift; sourceTree = "<group>"; };
		527B8A41233798990046E225 /* MultiplicationBasicTwo.swift */ = {isa = PBXFileReference; lastKnownFileType = sourcecode.swift; path = MultiplicationBasicTwo.swift; sourceTree = "<group>"; };
		527B8A432337995D0046E225 /* MultiplicationBasicThree.swift */ = {isa = PBXFileReference; lastKnownFileType = sourcecode.swift; path = MultiplicationBasicThree.swift; sourceTree = "<group>"; };
		527B8A45233799A60046E225 /* MultiplicationBasicFour.swift */ = {isa = PBXFileReference; lastKnownFileType = sourcecode.swift; path = MultiplicationBasicFour.swift; sourceTree = "<group>"; };
		527B8A47233799F00046E225 /* MultiplicationBasicFive.swift */ = {isa = PBXFileReference; lastKnownFileType = sourcecode.swift; path = MultiplicationBasicFive.swift; sourceTree = "<group>"; };
		52B03A702322A73100EECEDD /* SubtractionBasicOne.swift */ = {isa = PBXFileReference; lastKnownFileType = sourcecode.swift; path = SubtractionBasicOne.swift; sourceTree = "<group>"; };
		52C4230423324B8B00EA496B /* Asset.xcassets */ = {isa = PBXFileReference; lastKnownFileType = folder.assetcatalog; path = Asset.xcassets; sourceTree = "<group>"; };
		52CE8C0E233BBF150021C5FA /* CoreDataStack.swift */ = {isa = PBXFileReference; lastKnownFileType = sourcecode.swift; path = CoreDataStack.swift; sourceTree = "<group>"; };
		52CE8C11233BC8E90021C5FA /* Matematic.xcdatamodel */ = {isa = PBXFileReference; lastKnownFileType = wrapper.xcdatamodel; path = Matematic.xcdatamodel; sourceTree = "<group>"; };
		52CE8C18233BD4390021C5FA /* Person+CoreDataClass.swift */ = {isa = PBXFileReference; lastKnownFileType = sourcecode.swift; path = "Person+CoreDataClass.swift"; sourceTree = "<group>"; };
		52CE8C19233BD4390021C5FA /* Person+CoreDataProperties.swift */ = {isa = PBXFileReference; lastKnownFileType = sourcecode.swift; path = "Person+CoreDataProperties.swift"; sourceTree = "<group>"; };
		52CE8C1A233BD4390021C5FA /* Points+CoreDataClass.swift */ = {isa = PBXFileReference; lastKnownFileType = sourcecode.swift; path = "Points+CoreDataClass.swift"; sourceTree = "<group>"; };
		52CE8C1B233BD4390021C5FA /* Points+CoreDataProperties.swift */ = {isa = PBXFileReference; lastKnownFileType = sourcecode.swift; path = "Points+CoreDataProperties.swift"; sourceTree = "<group>"; };
		52D2FFB12323C7DD000648A4 /* QuestionType.swift */ = {isa = PBXFileReference; lastKnownFileType = sourcecode.swift; path = QuestionType.swift; sourceTree = "<group>"; };
		52D2FFB323241A91000648A4 /* ResultViewController.swift */ = {isa = PBXFileReference; lastKnownFileType = sourcecode.swift; path = ResultViewController.swift; sourceTree = "<group>"; };
		52E7D8CE22AC38ED00334F22 /* Matematic.app */ = {isa = PBXFileReference; explicitFileType = wrapper.application; includeInIndex = 0; path = Matematic.app; sourceTree = BUILT_PRODUCTS_DIR; };
		52E7D8D122AC38ED00334F22 /* AppDelegate.swift */ = {isa = PBXFileReference; lastKnownFileType = sourcecode.swift; path = AppDelegate.swift; sourceTree = "<group>"; };
		52E7D8D622AC38ED00334F22 /* Base */ = {isa = PBXFileReference; lastKnownFileType = file.storyboard; name = Base; path = Base.lproj/Main.storyboard; sourceTree = "<group>"; };
		52E7D8DB22AC38EE00334F22 /* Base */ = {isa = PBXFileReference; lastKnownFileType = file.storyboard; name = Base; path = Base.lproj/LaunchScreen.storyboard; sourceTree = "<group>"; };
		52E7D8DD22AC38EE00334F22 /* Info.plist */ = {isa = PBXFileReference; lastKnownFileType = text.plist.xml; path = Info.plist; sourceTree = "<group>"; };
		52ED9629232538B500713299 /* QuestionLevel.swift */ = {isa = PBXFileReference; lastKnownFileType = sourcecode.swift; path = QuestionLevel.swift; sourceTree = "<group>"; };
		52ED962B23255BFC00713299 /* SubtractionBasicTwo.swift */ = {isa = PBXFileReference; lastKnownFileType = sourcecode.swift; path = SubtractionBasicTwo.swift; sourceTree = "<group>"; };
		52F7B34A2321BBF700AF070B /* QuestionProtocol.swift */ = {isa = PBXFileReference; lastKnownFileType = sourcecode.swift; path = QuestionProtocol.swift; sourceTree = "<group>"; };
		52F7B34E2321CD1700AF070B /* SummaBasicOne.swift */ = {isa = PBXFileReference; lastKnownFileType = sourcecode.swift; path = SummaBasicOne.swift; sourceTree = "<group>"; };
		52F7B3502321CD2900AF070B /* SummaBasicTwo.swift */ = {isa = PBXFileReference; lastKnownFileType = sourcecode.swift; path = SummaBasicTwo.swift; sourceTree = "<group>"; };
		52F7B3522321DB0700AF070B /* CreateQuestion.swift */ = {isa = PBXFileReference; lastKnownFileType = sourcecode.swift; path = CreateQuestion.swift; sourceTree = "<group>"; };
/* End PBXFileReference section */

/* Begin PBXFrameworksBuildPhase section */
		52E7D8CB22AC38ED00334F22 /* Frameworks */ = {
			isa = PBXFrameworksBuildPhase;
			buildActionMask = 2147483647;
			files = (
			);
			runOnlyForDeploymentPostprocessing = 0;
		};
/* End PBXFrameworksBuildPhase section */

/* Begin PBXGroup section */
		5226CA6123355A2A00B3D02D /* SummaSubstraction */ = {
			isa = PBXGroup;
			children = (
				5226CA6223355AA400B3D02D /* SummaSubstractionOne.swift */,
				5226CA642335661800B3D02D /* SummaSubstractionTwo.swift */,
				5226CA6623357E8600B3D02D /* SummaSubstractionThree.swift */,
				5226CA6823357EC800B3D02D /* SummaSubstractionFour.swift */,
				5226CA6A23357F1D00B3D02D /* SummaSubstractionFive.swift */,
			);
			name = SummaSubstraction;
			sourceTree = "<group>";
		};
		52325B0A23380EDF00FF50DF /* DivisionBasic */ = {
			isa = PBXGroup;
			children = (
				52325B0B23380F2F00FF50DF /* DivisionBasicOne.swift */,
				52325B0D23380FC700FF50DF /* DivisionBasicTwo.swift */,
				52325B0F2338103800FF50DF /* DivisionBasicThree.swift */,
				52325B112338107800FF50DF /* DivisionBasicFour.swift */,
				52325B13233810BF00FF50DF /* DivisionBasicFive.swift */,
			);
			name = DivisionBasic;
			sourceTree = "<group>";
		};
		523AD62B232FA91C0027A49A /* SummaBasic */ = {
			isa = PBXGroup;
			children = (
				52F7B34E2321CD1700AF070B /* SummaBasicOne.swift */,
				52F7B3502321CD2900AF070B /* SummaBasicTwo.swift */,
				523AD61F232FA4950027A49A /* SummaBasicThree.swift */,
				523AD621232FA62F0027A49A /* SummaBasicFour.swift */,
				523AD623232FA7290027A49A /* SummaBasicFive.swift */,
			);
			name = SummaBasic;
			sourceTree = "<group>";
		};
		523AD62C232FA9700027A49A /* SubtractionBasic */ = {
			isa = PBXGroup;
			children = (
				52B03A702322A73100EECEDD /* SubtractionBasicOne.swift */,
				52ED962B23255BFC00713299 /* SubtractionBasicTwo.swift */,
				523AD625232FA81A0027A49A /* SubtractionBasicThree.swift */,
				523AD627232FA87E0027A49A /* SubtractionBasicFour.swift */,
				523AD629232FA8E70027A49A /* SubtractionBasicFive.swift */,
			);
			name = SubtractionBasic;
			sourceTree = "<group>";
		};
		526EE0CD22F44A2F00E4C53D /* Controllers */ = {
			isa = PBXGroup;
			children = (
				52751DD222D0E23B0056A27A /* MainViewController.swift */,
				524EA4DD22D2B31800393B4D /* QuestionViewController.swift */,
				52D2FFB323241A91000648A4 /* ResultViewController.swift */,
			);
			path = Controllers;
			sourceTree = "<group>";
		};
		526EE0CE22F44A5500E4C53D /* Views */ = {
			isa = PBXGroup;
			children = (
				52E7D8D522AC38ED00334F22 /* Main.storyboard */,
				52E7D8DA22AC38EE00334F22 /* LaunchScreen.storyboard */,
				52C4230423324B8B00EA496B /* Asset.xcassets */,
			);
			path = Views;
			sourceTree = "<group>";
		};
		526EE0CF22F44A8B00E4C53D /* Supports Files */ = {
			isa = PBXGroup;
			children = (
				52E7D8D122AC38ED00334F22 /* AppDelegate.swift */,
				52E7D8DD22AC38EE00334F22 /* Info.plist */,
				52CE8C10233BC8E90021C5FA /* Matematic.xcdatamodeld */,
			);
			path = "Supports Files";
			sourceTree = "<group>";
		};
		526EE0D022F44AAA00E4C53D /* Models */ = {
			isa = PBXGroup;
			children = (
				52B03A6A2322A48E00EECEDD /* CreateQuestion */,
				520353AF2323245B00E18E4E /* NumberRandomFactory.swift */,
				526EE0D122F44B8E00E4C53D /* Question.swift */,
				52ED9629232538B500713299 /* QuestionLevel.swift */,
				52D2FFB12323C7DD000648A4 /* QuestionType.swift */,
			);
			name = Models;
			sourceTree = "<group>";
		};
		527B8A3E2337978F0046E225 /* MultiplicationBasic */ = {
			isa = PBXGroup;
			children = (
				527B8A3F233797D40046E225 /* MultiplicationBasicOne.swift */,
				527B8A41233798990046E225 /* MultiplicationBasicTwo.swift */,
				527B8A432337995D0046E225 /* MultiplicationBasicThree.swift */,
				527B8A45233799A60046E225 /* MultiplicationBasicFour.swift */,
				527B8A47233799F00046E225 /* MultiplicationBasicFive.swift */,
			);
			name = MultiplicationBasic;
			sourceTree = "<group>";
		};
		52A76F8A233649C50001725C /* Managers */ = {
			isa = PBXGroup;
			children = (
				52CE8C0E233BBF150021C5FA /* CoreDataStack.swift */,
				52618EA923424ED400829280 /* Notifications.swift */,
			);
			path = Managers;
			sourceTree = "<group>";
		};
		52B03A6A2322A48E00EECEDD /* CreateQuestion */ = {
			isa = PBXGroup;
			children = (
				52F7B3522321DB0700AF070B /* CreateQuestion.swift */,
				523AD62B232FA91C0027A49A /* SummaBasic */,
				523AD62C232FA9700027A49A /* SubtractionBasic */,
				5226CA6123355A2A00B3D02D /* SummaSubstraction */,
				527B8A3E2337978F0046E225 /* MultiplicationBasic */,
				52325B0A23380EDF00FF50DF /* DivisionBasic */,
			);
			name = CreateQuestion;
			sourceTree = "<group>";
		};
		52E7D8C522AC38ED00334F22 = {
			isa = PBXGroup;
			children = (
				52CE8C18233BD4390021C5FA /* Person+CoreDataClass.swift */,
				52CE8C19233BD4390021C5FA /* Person+CoreDataProperties.swift */,
				52CE8C1A233BD4390021C5FA /* Points+CoreDataClass.swift */,
				52CE8C1B233BD4390021C5FA /* Points+CoreDataProperties.swift */,
				52E7D8D022AC38ED00334F22 /* Matematic */,
				52E7D8CF22AC38ED00334F22 /* Products */,
			);
			sourceTree = "<group>";
		};
		52E7D8CF22AC38ED00334F22 /* Products */ = {
			isa = PBXGroup;
			children = (
				52E7D8CE22AC38ED00334F22 /* Matematic.app */,
			);
			name = Products;
			sourceTree = "<group>";
		};
		52E7D8D022AC38ED00334F22 /* Matematic */ = {
			isa = PBXGroup;
			children = (
				52A76F8A233649C50001725C /* Managers */,
				52F7B3492321BB7700AF070B /* Protocols */,
				526EE0CD22F44A2F00E4C53D /* Controllers */,
				526EE0D022F44AAA00E4C53D /* Models */,
				526EE0CF22F44A8B00E4C53D /* Supports Files */,
				526EE0CE22F44A5500E4C53D /* Views */,
			);
			path = Matematic;
			sourceTree = "<group>";
		};
		52F7B3492321BB7700AF070B /* Protocols */ = {
			isa = PBXGroup;
			children = (
				52F7B34A2321BBF700AF070B /* QuestionProtocol.swift */,
			);
			path = Protocols;
			sourceTree = "<group>";
		};
/* End PBXGroup section */

/* Begin PBXNativeTarget section */
		52E7D8CD22AC38ED00334F22 /* Matematic */ = {
			isa = PBXNativeTarget;
			buildConfigurationList = 52E7D8E022AC38EE00334F22 /* Build configuration list for PBXNativeTarget "Matematic" */;
			buildPhases = (
				52E7D8CA22AC38ED00334F22 /* Sources */,
				52E7D8CB22AC38ED00334F22 /* Frameworks */,
				52E7D8CC22AC38ED00334F22 /* Resources */,
			);
			buildRules = (
			);
			dependencies = (
			);
			name = Matematic;
			productName = Matematic;
			productReference = 52E7D8CE22AC38ED00334F22 /* Matematic.app */;
			productType = "com.apple.product-type.application";
		};
/* End PBXNativeTarget section */

/* Begin PBXProject section */
		52E7D8C622AC38ED00334F22 /* Project object */ = {
			isa = PBXProject;
			attributes = {
				LastSwiftUpdateCheck = 1020;
				LastUpgradeCheck = 1020;
				ORGANIZATIONNAME = "John Kostanov";
				TargetAttributes = {
					52E7D8CD22AC38ED00334F22 = {
						CreatedOnToolsVersion = 10.2.1;
					};
				};
			};
			buildConfigurationList = 52E7D8C922AC38ED00334F22 /* Build configuration list for PBXProject "Matematic" */;
			compatibilityVersion = "Xcode 9.3";
			developmentRegion = en;
			hasScannedForEncodings = 0;
			knownRegions = (
				en,
				Base,
			);
			mainGroup = 52E7D8C522AC38ED00334F22;
			productRefGroup = 52E7D8CF22AC38ED00334F22 /* Products */;
			projectDirPath = "";
			projectRoot = "";
			targets = (
				52E7D8CD22AC38ED00334F22 /* Matematic */,
			);
		};
/* End PBXProject section */

/* Begin PBXResourcesBuildPhase section */
		52E7D8CC22AC38ED00334F22 /* Resources */ = {
			isa = PBXResourcesBuildPhase;
			buildActionMask = 2147483647;
			files = (
				52C4230523324B8B00EA496B /* Asset.xcassets in Resources */,
				52E7D8DC22AC38EE00334F22 /* LaunchScreen.storyboard in Resources */,
				52E7D8D722AC38ED00334F22 /* Main.storyboard in Resources */,
			);
			runOnlyForDeploymentPostprocessing = 0;
		};
/* End PBXResourcesBuildPhase section */

/* Begin PBXSourcesBuildPhase section */
		52E7D8CA22AC38ED00334F22 /* Sources */ = {
			isa = PBXSourcesBuildPhase;
			buildActionMask = 2147483647;
			files = (
				523AD622232FA62F0027A49A /* SummaBasicFour.swift in Sources */,
				5226CA6323355AA400B3D02D /* SummaSubstractionOne.swift in Sources */,
				52F7B34B2321BBF700AF070B /* QuestionProtocol.swift in Sources */,
				52CE8C12233BC8E90021C5FA /* Matematic.xcdatamodeld in Sources */,
				52CE8C0F233BBF150021C5FA /* CoreDataStack.swift in Sources */,
				527B8A40233797D40046E225 /* MultiplicationBasicOne.swift in Sources */,
				52CE8C1E233BD4390021C5FA /* Points+CoreDataClass.swift in Sources */,
				52325B102338103800FF50DF /* DivisionBasicThree.swift in Sources */,
				52D2FFB22323C7DD000648A4 /* QuestionType.swift in Sources */,
				527B8A442337995D0046E225 /* MultiplicationBasicThree.swift in Sources */,
				523AD62A232FA8E70027A49A /* SubtractionBasicFive.swift in Sources */,
				52F7B3532321DB0700AF070B /* CreateQuestion.swift in Sources */,
				5226CA6723357E8600B3D02D /* SummaSubstractionThree.swift in Sources */,
				52325B0C23380F2F00FF50DF /* DivisionBasicOne.swift in Sources */,
				523AD624232FA7290027A49A /* SummaBasicFive.swift in Sources */,
				526EE0D222F44B8E00E4C53D /* Question.swift in Sources */,
				523AD626232FA81A0027A49A /* SubtractionBasicThree.swift in Sources */,
				523AD620232FA4950027A49A /* SummaBasicThree.swift in Sources */,
				52F7B3512321CD2900AF070B /* SummaBasicTwo.swift in Sources */,
				52751DD322D0E23B0056A27A /* MainViewController.swift in Sources */,
				524EA4DE22D2B31800393B4D /* QuestionViewController.swift in Sources */,
				52CE8C1C233BD4390021C5FA /* Person+CoreDataClass.swift in Sources */,
				527B8A48233799F00046E225 /* MultiplicationBasicFive.swift in Sources */,
				52325B0E23380FC700FF50DF /* DivisionBasicTwo.swift in Sources */,
				52CE8C1D233BD4390021C5FA /* Person+CoreDataProperties.swift in Sources */,
				52E7D8D222AC38ED00334F22 /* AppDelegate.swift in Sources */,
				520353B02323245B00E18E4E /* NumberRandomFactory.swift in Sources */,
				52CE8C1F233BD4390021C5FA /* Points+CoreDataProperties.swift in Sources */,
				527B8A46233799A60046E225 /* MultiplicationBasicFour.swift in Sources */,
				523AD628232FA87E0027A49A /* SubtractionBasicFour.swift in Sources */,
				52B03A712322A73100EECEDD /* SubtractionBasicOne.swift in Sources */,
				52325B122338107800FF50DF /* DivisionBasicFour.swift in Sources */,
				5226CA652335661800B3D02D /* SummaSubstractionTwo.swift in Sources */,
				5226CA6B23357F1D00B3D02D /* SummaSubstractionFive.swift in Sources */,
				52ED962A232538B500713299 /* QuestionLevel.swift in Sources */,
				52F7B34F2321CD1700AF070B /* SummaBasicOne.swift in Sources */,
				52618EAA23424ED400829280 /* Notifications.swift in Sources */,
				52325B14233810BF00FF50DF /* DivisionBasicFive.swift in Sources */,
				52ED962C23255BFC00713299 /* SubtractionBasicTwo.swift in Sources */,
				5226CA6923357EC800B3D02D /* SummaSubstractionFour.swift in Sources */,
				52D2FFB423241A91000648A4 /* ResultViewController.swift in Sources */,
				527B8A42233798990046E225 /* MultiplicationBasicTwo.swift in Sources */,
			);
			runOnlyForDeploymentPostprocessing = 0;
		};
/* End PBXSourcesBuildPhase section */

/* Begin PBXVariantGroup section */
		52E7D8D522AC38ED00334F22 /* Main.storyboard */ = {
			isa = PBXVariantGroup;
			children = (
				52E7D8D622AC38ED00334F22 /* Base */,
			);
			name = Main.storyboard;
			sourceTree = "<group>";
		};
		52E7D8DA22AC38EE00334F22 /* LaunchScreen.storyboard */ = {
			isa = PBXVariantGroup;
			children = (
				52E7D8DB22AC38EE00334F22 /* Base */,
			);
			name = LaunchScreen.storyboard;
			sourceTree = "<group>";
		};
/* End PBXVariantGroup section */

/* Begin XCBuildConfiguration section */
		52E7D8DE22AC38EE00334F22 /* Debug */ = {
			isa = XCBuildConfiguration;
			buildSettings = {
				ALWAYS_SEARCH_USER_PATHS = NO;
				CLANG_ANALYZER_NONNULL = YES;
				CLANG_ANALYZER_NUMBER_OBJECT_CONVERSION = YES_AGGRESSIVE;
				CLANG_CXX_LANGUAGE_STANDARD = "gnu++14";
				CLANG_CXX_LIBRARY = "libc++";
				CLANG_ENABLE_MODULES = YES;
				CLANG_ENABLE_OBJC_ARC = YES;
				CLANG_ENABLE_OBJC_WEAK = YES;
				CLANG_WARN_BLOCK_CAPTURE_AUTORELEASING = YES;
				CLANG_WARN_BOOL_CONVERSION = YES;
				CLANG_WARN_COMMA = YES;
				CLANG_WARN_CONSTANT_CONVERSION = YES;
				CLANG_WARN_DEPRECATED_OBJC_IMPLEMENTATIONS = YES;
				CLANG_WARN_DIRECT_OBJC_ISA_USAGE = YES_ERROR;
				CLANG_WARN_DOCUMENTATION_COMMENTS = YES;
				CLANG_WARN_EMPTY_BODY = YES;
				CLANG_WARN_ENUM_CONVERSION = YES;
				CLANG_WARN_INFINITE_RECURSION = YES;
				CLANG_WARN_INT_CONVERSION = YES;
				CLANG_WARN_NON_LITERAL_NULL_CONVERSION = YES;
				CLANG_WARN_OBJC_IMPLICIT_RETAIN_SELF = YES;
				CLANG_WARN_OBJC_LITERAL_CONVERSION = YES;
				CLANG_WARN_OBJC_ROOT_CLASS = YES_ERROR;
				CLANG_WARN_RANGE_LOOP_ANALYSIS = YES;
				CLANG_WARN_STRICT_PROTOTYPES = YES;
				CLANG_WARN_SUSPICIOUS_MOVE = YES;
				CLANG_WARN_UNGUARDED_AVAILABILITY = YES_AGGRESSIVE;
				CLANG_WARN_UNREACHABLE_CODE = YES;
				CLANG_WARN__DUPLICATE_METHOD_MATCH = YES;
				CODE_SIGN_IDENTITY = "iPhone Developer";
				COPY_PHASE_STRIP = NO;
				DEBUG_INFORMATION_FORMAT = dwarf;
				ENABLE_STRICT_OBJC_MSGSEND = YES;
				ENABLE_TESTABILITY = YES;
				GCC_C_LANGUAGE_STANDARD = gnu11;
				GCC_DYNAMIC_NO_PIC = NO;
				GCC_NO_COMMON_BLOCKS = YES;
				GCC_OPTIMIZATION_LEVEL = 0;
				GCC_PREPROCESSOR_DEFINITIONS = (
					"DEBUG=1",
					"$(inherited)",
				);
				GCC_WARN_64_TO_32_BIT_CONVERSION = YES;
				GCC_WARN_ABOUT_RETURN_TYPE = YES_ERROR;
				GCC_WARN_UNDECLARED_SELECTOR = YES;
				GCC_WARN_UNINITIALIZED_AUTOS = YES_AGGRESSIVE;
				GCC_WARN_UNUSED_FUNCTION = YES;
				GCC_WARN_UNUSED_VARIABLE = YES;
				IPHONEOS_DEPLOYMENT_TARGET = 12.2;
				MTL_ENABLE_DEBUG_INFO = INCLUDE_SOURCE;
				MTL_FAST_MATH = YES;
				ONLY_ACTIVE_ARCH = YES;
				SDKROOT = iphoneos;
				SWIFT_ACTIVE_COMPILATION_CONDITIONS = DEBUG;
				SWIFT_OPTIMIZATION_LEVEL = "-Onone";
			};
			name = Debug;
		};
		52E7D8DF22AC38EE00334F22 /* Release */ = {
			isa = XCBuildConfiguration;
			buildSettings = {
				ALWAYS_SEARCH_USER_PATHS = NO;
				CLANG_ANALYZER_NONNULL = YES;
				CLANG_ANALYZER_NUMBER_OBJECT_CONVERSION = YES_AGGRESSIVE;
				CLANG_CXX_LANGUAGE_STANDARD = "gnu++14";
				CLANG_CXX_LIBRARY = "libc++";
				CLANG_ENABLE_MODULES = YES;
				CLANG_ENABLE_OBJC_ARC = YES;
				CLANG_ENABLE_OBJC_WEAK = YES;
				CLANG_WARN_BLOCK_CAPTURE_AUTORELEASING = YES;
				CLANG_WARN_BOOL_CONVERSION = YES;
				CLANG_WARN_COMMA = YES;
				CLANG_WARN_CONSTANT_CONVERSION = YES;
				CLANG_WARN_DEPRECATED_OBJC_IMPLEMENTATIONS = YES;
				CLANG_WARN_DIRECT_OBJC_ISA_USAGE = YES_ERROR;
				CLANG_WARN_DOCUMENTATION_COMMENTS = YES;
				CLANG_WARN_EMPTY_BODY = YES;
				CLANG_WARN_ENUM_CONVERSION = YES;
				CLANG_WARN_INFINITE_RECURSION = YES;
				CLANG_WARN_INT_CONVERSION = YES;
				CLANG_WARN_NON_LITERAL_NULL_CONVERSION = YES;
				CLANG_WARN_OBJC_IMPLICIT_RETAIN_SELF = YES;
				CLANG_WARN_OBJC_LITERAL_CONVERSION = YES;
				CLANG_WARN_OBJC_ROOT_CLASS = YES_ERROR;
				CLANG_WARN_RANGE_LOOP_ANALYSIS = YES;
				CLANG_WARN_STRICT_PROTOTYPES = YES;
				CLANG_WARN_SUSPICIOUS_MOVE = YES;
				CLANG_WARN_UNGUARDED_AVAILABILITY = YES_AGGRESSIVE;
				CLANG_WARN_UNREACHABLE_CODE = YES;
				CLANG_WARN__DUPLICATE_METHOD_MATCH = YES;
				CODE_SIGN_IDENTITY = "iPhone Developer";
				COPY_PHASE_STRIP = NO;
				DEBUG_INFORMATION_FORMAT = "dwarf-with-dsym";
				ENABLE_NS_ASSERTIONS = NO;
				ENABLE_STRICT_OBJC_MSGSEND = YES;
				GCC_C_LANGUAGE_STANDARD = gnu11;
				GCC_NO_COMMON_BLOCKS = YES;
				GCC_WARN_64_TO_32_BIT_CONVERSION = YES;
				GCC_WARN_ABOUT_RETURN_TYPE = YES_ERROR;
				GCC_WARN_UNDECLARED_SELECTOR = YES;
				GCC_WARN_UNINITIALIZED_AUTOS = YES_AGGRESSIVE;
				GCC_WARN_UNUSED_FUNCTION = YES;
				GCC_WARN_UNUSED_VARIABLE = YES;
				IPHONEOS_DEPLOYMENT_TARGET = 12.2;
				MTL_ENABLE_DEBUG_INFO = NO;
				MTL_FAST_MATH = YES;
				SDKROOT = iphoneos;
				SWIFT_COMPILATION_MODE = wholemodule;
				SWIFT_OPTIMIZATION_LEVEL = "-O";
				VALIDATE_PRODUCT = YES;
			};
			name = Release;
		};
		52E7D8E122AC38EE00334F22 /* Debug */ = {
			isa = XCBuildConfiguration;
			buildSettings = {
				ASSETCATALOG_COMPILER_APPICON_NAME = AppIcon;
				CODE_SIGN_STYLE = Automatic;
				DEVELOPMENT_TEAM = 5K285D3RL3;
				INFOPLIST_FILE = "$(SRCROOT)/Matematic/Supports Files/Info.plist";
				LD_RUNPATH_SEARCH_PATHS = (
					"$(inherited)",
					"@executable_path/Frameworks",
				);
				PRODUCT_BUNDLE_IDENTIFIER = "John-Kostanov.Matematic";
				PRODUCT_NAME = "$(TARGET_NAME)";
				SWIFT_VERSION = 5.0;
				TARGETED_DEVICE_FAMILY = "1,2";
			};
			name = Debug;
		};
		52E7D8E222AC38EE00334F22 /* Release */ = {
			isa = XCBuildConfiguration;
			buildSettings = {
				ASSETCATALOG_COMPILER_APPICON_NAME = AppIcon;
				CODE_SIGN_STYLE = Automatic;
				DEVELOPMENT_TEAM = 5K285D3RL3;
				INFOPLIST_FILE = "$(SRCROOT)/Matematic/Supports Files/Info.plist";
				LD_RUNPATH_SEARCH_PATHS = (
					"$(inherited)",
					"@executable_path/Frameworks",
				);
				PRODUCT_BUNDLE_IDENTIFIER = "John-Kostanov.Matematic";
				PRODUCT_NAME = "$(TARGET_NAME)";
				SWIFT_VERSION = 5.0;
				TARGETED_DEVICE_FAMILY = "1,2";
			};
			name = Release;
		};
/* End XCBuildConfiguration section */

/* Begin XCConfigurationList section */
		52E7D8C922AC38ED00334F22 /* Build configuration list for PBXProject "Matematic" */ = {
			isa = XCConfigurationList;
			buildConfigurations = (
				52E7D8DE22AC38EE00334F22 /* Debug */,
				52E7D8DF22AC38EE00334F22 /* Release */,
			);
			defaultConfigurationIsVisible = 0;
			defaultConfigurationName = Release;
		};
		52E7D8E022AC38EE00334F22 /* Build configuration list for PBXNativeTarget "Matematic" */ = {
			isa = XCConfigurationList;
			buildConfigurations = (
				52E7D8E122AC38EE00334F22 /* Debug */,
				52E7D8E222AC38EE00334F22 /* Release */,
			);
			defaultConfigurationIsVisible = 0;
			defaultConfigurationName = Release;
		};
/* End XCConfigurationList section */

/* Begin XCVersionGroup section */
		52CE8C10233BC8E90021C5FA /* Matematic.xcdatamodeld */ = {
			isa = XCVersionGroup;
			children = (
				52CE8C11233BC8E90021C5FA /* Matematic.xcdatamodel */,
			);
			currentVersion = 52CE8C11233BC8E90021C5FA /* Matematic.xcdatamodel */;
			path = Matematic.xcdatamodeld;
			sourceTree = "<group>";
			versionGroupType = wrapper.xcdatamodel;
		};
/* End XCVersionGroup section */
	};
	rootObject = 52E7D8C622AC38ED00334F22 /* Project object */;
}
